
Microsoft Visual Studio Solution File, Format Version 12.00
# Visual Studio 2013
VisualStudioVersion = 12.0.21005.1
MinimumVisualStudioVersion = 10.0.40219.1
Project("{FAE04EC0-301F-11D3-BF4B-00C04F79EFBC}") = "KensakuPlugin", "KensakuPlugin\KensakuPlugin.csproj", "{C7934069-34A3-4040-B72F-92F6695F559F}"
EndProject
Project("{FAE04EC0-301F-11D3-BF4B-00C04F79EFBC}") = "KensakuPluginTest", "KensakuPluginTest\KensakuPluginTest.csproj", "{238D4EA5-790A-4DD3-822C-9CEA61962ABB}"
EndProject
Project("{FAE04EC0-301F-11D3-BF4B-00C04F79EFBC}") = "Weather", "Weather\Weather.csproj", "{C617E76E-4D20-433B-AFBB-70B715A3F1B1}"
EndProject
Project("{FAE04EC0-301F-11D3-BF4B-00C04F79EFBC}") = "WeatherTest", "WeatherTest\WeatherTest.csproj", "{4CB073B6-9DF8-4225-8C43-36C0D33F4813}"
EndProject
Project("{FAE04EC0-301F-11D3-BF4B-00C04F79EFBC}") = "HatenaKeyword", "HatenaKeyword\HatenaKeyword.csproj", "{368B9378-E407-4215-8A2B-A1D5A4196D2F}"
EndProject
Project("{FAE04EC0-301F-11D3-BF4B-00C04F79EFBC}") = "HatenaKeywordTest", "HatenaKeywordTest\HatenaKeywordTest.csproj", "{02E680DD-B706-4DC1-8DA6-D3D0AD75BD15}"
EndProject
Project("{FAE04EC0-301F-11D3-BF4B-00C04F79EFBC}") = "KensakuPluginNcv", "KensakuPluginNcv\KensakuPluginNcv.csproj", "{9514CA4C-A3EA-424C-828D-A596F85A8043}"
EndProject
Project("{FAE04EC0-301F-11D3-BF4B-00C04F79EFBC}") = "KensakuPluginAnko2", "KensakuPluginAnko\KensakuPluginAnko2.csproj", "{8737A2DA-D09B-4996-B08E-24A9D921AF73}"
EndProject
Global
	GlobalSection(SolutionConfigurationPlatforms) = preSolution
		Debug|Any CPU = Debug|Any CPU
		Release|Any CPU = Release|Any CPU
	EndGlobalSection
	GlobalSection(ProjectConfigurationPlatforms) = postSolution
		{C7934069-34A3-4040-B72F-92F6695F559F}.Debug|Any CPU.ActiveCfg = Debug|Any CPU
		{C7934069-34A3-4040-B72F-92F6695F559F}.Debug|Any CPU.Build.0 = Debug|Any CPU
		{C7934069-34A3-4040-B72F-92F6695F559F}.Release|Any CPU.ActiveCfg = Release|Any CPU
		{C7934069-34A3-4040-B72F-92F6695F559F}.Release|Any CPU.Build.0 = Release|Any CPU
		{238D4EA5-790A-4DD3-822C-9CEA61962ABB}.Debug|Any CPU.ActiveCfg = Debug|Any CPU
		{238D4EA5-790A-4DD3-822C-9CEA61962ABB}.Debug|Any CPU.Build.0 = Debug|Any CPU
		{238D4EA5-790A-4DD3-822C-9CEA61962ABB}.Release|Any CPU.ActiveCfg = Release|Any CPU
		{238D4EA5-790A-4DD3-822C-9CEA61962ABB}.Release|Any CPU.Build.0 = Release|Any CPU
		{C617E76E-4D20-433B-AFBB-70B715A3F1B1}.Debug|Any CPU.ActiveCfg = Debug|Any CPU
		{C617E76E-4D20-433B-AFBB-70B715A3F1B1}.Debug|Any CPU.Build.0 = Debug|Any CPU
		{C617E76E-4D20-433B-AFBB-70B715A3F1B1}.Release|Any CPU.ActiveCfg = Release|Any CPU
		{C617E76E-4D20-433B-AFBB-70B715A3F1B1}.Release|Any CPU.Build.0 = Release|Any CPU
		{4CB073B6-9DF8-4225-8C43-36C0D33F4813}.Debug|Any CPU.ActiveCfg = Debug|Any CPU
		{4CB073B6-9DF8-4225-8C43-36C0D33F4813}.Debug|Any CPU.Build.0 = Debug|Any CPU
		{4CB073B6-9DF8-4225-8C43-36C0D33F4813}.Release|Any CPU.ActiveCfg = Release|Any CPU
		{4CB073B6-9DF8-4225-8C43-36C0D33F4813}.Release|Any CPU.Build.0 = Release|Any CPU
		{368B9378-E407-4215-8A2B-A1D5A4196D2F}.Debug|Any CPU.ActiveCfg = Debug|Any CPU
		{368B9378-E407-4215-8A2B-A1D5A4196D2F}.Debug|Any CPU.Build.0 = Debug|Any CPU
		{368B9378-E407-4215-8A2B-A1D5A4196D2F}.Release|Any CPU.ActiveCfg = Release|Any CPU
		{368B9378-E407-4215-8A2B-A1D5A4196D2F}.Release|Any CPU.Build.0 = Release|Any CPU
		{02E680DD-B706-4DC1-8DA6-D3D0AD75BD15}.Debug|Any CPU.ActiveCfg = Debug|Any CPU
		{02E680DD-B706-4DC1-8DA6-D3D0AD75BD15}.Debug|Any CPU.Build.0 = Debug|Any CPU
		{02E680DD-B706-4DC1-8DA6-D3D0AD75BD15}.Release|Any CPU.ActiveCfg = Release|Any CPU
		{02E680DD-B706-4DC1-8DA6-D3D0AD75BD15}.Release|Any CPU.Build.0 = Release|Any CPU
		{9514CA4C-A3EA-424C-828D-A596F85A8043}.Debug|Any CPU.ActiveCfg = Debug|Any CPU
		{9514CA4C-A3EA-424C-828D-A596F85A8043}.Debug|Any CPU.Build.0 = Debug|Any CPU
		{9514CA4C-A3EA-424C-828D-A596F85A8043}.Release|Any CPU.ActiveCfg = Release|Any CPU
		{9514CA4C-A3EA-424C-828D-A596F85A8043}.Release|Any CPU.Build.0 = Release|Any CPU
		{8737A2DA-D09B-4996-B08E-24A9D921AF73}.Debug|Any CPU.ActiveCfg = Debug|Any CPU
		{8737A2DA-D09B-4996-B08E-24A9D921AF73}.Debug|Any CPU.Build.0 = Debug|Any CPU
		{8737A2DA-D09B-4996-B08E-24A9D921AF73}.Release|Any CPU.ActiveCfg = Release|Any CPU
		{8737A2DA-D09B-4996-B08E-24A9D921AF73}.Release|Any CPU.Build.0 = Release|Any CPU
	EndGlobalSection
	GlobalSection(SolutionProperties) = preSolution
		HideSolutionNode = FALSE
	EndGlobalSection
EndGlobal
